<?xml version="1.0" encoding="utf-8"?>
<Project ToolsVersion="4.0" xmlns="http://schemas.microsoft.com/developer/msbuild/2003">
  <ItemGroup>
    <ClCompile Include="..\src\csharp\ext\grpc_csharp_ext.c">
      <Filter>src\csharp\ext</Filter>
    </ClCompile>
  </ItemGroup>
  <ItemGroup>
    <Filter Include="src">
      <UniqueIdentifier>{7bad16d5-221b-4d19-aa9e-eb20d9452a27}</UniqueIdentifier>
    </Filter>
    <Filter Include="src\csharp">
      <UniqueIdentifier>{b46fd3bf-f2ba-4d5c-a0d6-e89a6c464e4c}</UniqueIdentifier>
    </Filter>
    <Filter Include="src\csharp\ext">
      <UniqueIdentifier>{143b0d0f-a7d1-4047-9dd5-1db3c2ad1363}</UniqueIdentifier>
    </Filter>
  </ItemGroup>
</Project>